
Microsoft Visual Studio Solution File, Format Version 12.00
# Visual Studio Version 16
VisualStudioVersion = 16.0.31205.134
MinimumVisualStudioVersion = 10.0.40219.1
Project("{FAE04EC0-301F-11D3-BF4B-00C04F79EFBC}") = "tqcs-api", "tqcs-api\tqcs-api.csproj", "{DA7CBA68-1E8E-4451-AB06-C53646339684}"
EndProject
Global
	GlobalSection(SolutionConfigurationPlatforms) = preSolution
		Debug|Any CPU = Debug|Any CPU
		Release|Any CPU = Release|Any CPU
	EndGlobalSection
	GlobalSection(ProjectConfigurationPlatforms) = postSolution
		{DA7CBA68-1E8E-4451-AB06-C53646339684}.Debug|Any CPU.ActiveCfg = Debug|Any CPU
		{DA7CBA68-1E8E-4451-AB06-C53646339684}.Debug|Any CPU.Build.0 = Debug|Any CPU
		{DA7CBA68-1E8E-4451-AB06-C53646339684}.Release|Any CPU.ActiveCfg = Release|Any CPU
		{DA7CBA68-1E8E-4451-AB06-C53646339684}.Release|Any CPU.Build.0 = Release|Any CPU
	EndGlobalSection
	GlobalSection(SolutionProperties) = preSolution
		HideSolutionNode = FALSE
	EndGlobalSection
	GlobalSection(ExtensibilityGlobals) = postSolution
		SolutionGuid = {A57454CD-1155-4801-9235-3B3ECF1DC639}
	EndGlobalSection
EndGlobal
